// !$*UTF8*$!
{
	archiveVersion = 1;
	classes = {
	};
	objectVersion = 56;
	objects = {

/* Begin PBXBuildFile section */
		0E5163E229C9E8190042D2CA /* FindMyCoachApp.swift in Sources */ = {isa = PBXBuildFile; fileRef = 0E5163E129C9E8190042D2CA /* FindMyCoachApp.swift */; };
		0E5163E429C9E8190042D2CA /* Map.swift in Sources */ = {isa = PBXBuildFile; fileRef = 0E5163E329C9E8190042D2CA /* Map.swift */; };
		0E5163E629C9E81B0042D2CA /* Assets.xcassets in Resources */ = {isa = PBXBuildFile; fileRef = 0E5163E529C9E81B0042D2CA /* Assets.xcassets */; };
		0E5163E929C9E81B0042D2CA /* Preview Assets.xcassets in Resources */ = {isa = PBXBuildFile; fileRef = 0E5163E829C9E81B0042D2CA /* Preview Assets.xcassets */; };
		0E5163F029C9EA8C0042D2CA /* User.swift in Sources */ = {isa = PBXBuildFile; fileRef = 0E5163EF29C9EA8C0042D2CA /* User.swift */; };
		0E5163F329C9EB390042D2CA /* Coach.swift in Sources */ = {isa = PBXBuildFile; fileRef = 0E5163F229C9EB390042D2CA /* Coach.swift */; };
		0E5163F829CA03EC0042D2CA /* LocationView.swift in Sources */ = {isa = PBXBuildFile; fileRef = 0E5163F729CA03EC0042D2CA /* LocationView.swift */; };
		0E51640129CAEF1C0042D2CA /* ListOfCoaches.swift in Sources */ = {isa = PBXBuildFile; fileRef = 0E51640029CAEF1C0042D2CA /* ListOfCoaches.swift */; };
		0E51640329CAEF490042D2CA /* CoachProfile.swift in Sources */ = {isa = PBXBuildFile; fileRef = 0E51640229CAEF490042D2CA /* CoachProfile.swift */; };
		0E51640529CAF3670042D2CA /* ChatView.swift in Sources */ = {isa = PBXBuildFile; fileRef = 0E51640429CAF3670042D2CA /* ChatView.swift */; };
		0E51640729CAFDBF0042D2CA /* PaymentModal.swift in Sources */ = {isa = PBXBuildFile; fileRef = 0E51640629CAFDBF0042D2CA /* PaymentModal.swift */; };
		0E51640D29CB2CCD0042D2CA /* EndSessionModal.swift in Sources */ = {isa = PBXBuildFile; fileRef = 0E51640C29CB2CCD0042D2CA /* EndSessionModal.swift */; };
		0E51640F29CB36700042D2CA /* VisioView.swift in Sources */ = {isa = PBXBuildFile; fileRef = 0E51640E29CB36700042D2CA /* VisioView.swift */; };
		0E51641229CB46590042D2CA /* Program.swift in Sources */ = {isa = PBXBuildFile; fileRef = 0E51641129CB46590042D2CA /* Program.swift */; };
		0E51641429CB46AD0042D2CA /* ProgramView.swift in Sources */ = {isa = PBXBuildFile; fileRef = 0E51641329CB46AD0042D2CA /* ProgramView.swift */; };
		0E51641629CB47B30042D2CA /* ProgramDetail.swift in Sources */ = {isa = PBXBuildFile; fileRef = 0E51641529CB47B30042D2CA /* ProgramDetail.swift */; };
		0E51641829CB53FF0042D2CA /* TabViewDemo.swift in Sources */ = {isa = PBXBuildFile; fileRef = 0E51641729CB53FF0042D2CA /* TabViewDemo.swift */; };
		0E51641A29CB54A00042D2CA /* MessagesView.swift in Sources */ = {isa = PBXBuildFile; fileRef = 0E51641929CB54A00042D2CA /* MessagesView.swift */; };
		0E5FF32429CC98B5003A52CD /* HealthKitViewModel.swift in Sources */ = {isa = PBXBuildFile; fileRef = 0E5FF32329CC98B5003A52CD /* HealthKitViewModel.swift */; };
		0E5FF32629CC98D6003A52CD /* HealthKitManager.swift in Sources */ = {isa = PBXBuildFile; fileRef = 0E5FF32529CC98D6003A52CD /* HealthKitManager.swift */; };
		0E5FF32829CC9902003A52CD /* HealthView.swift in Sources */ = {isa = PBXBuildFile; fileRef = 0E5FF32729CC9902003A52CD /* HealthView.swift */; };
		0E5FF32E29CD930D003A52CD /* FiveStarView.swift in Sources */ = {isa = PBXBuildFile; fileRef = 0E5FF32D29CD930D003A52CD /* FiveStarView.swift */; };
		0E5FF33029CD94EB003A52CD /* ProgressionView.swift in Sources */ = {isa = PBXBuildFile; fileRef = 0E5FF32F29CD94EB003A52CD /* ProgressionView.swift */; };
		0E5FF33229CD9509003A52CD /* Goal.swift in Sources */ = {isa = PBXBuildFile; fileRef = 0E5FF33129CD9509003A52CD /* Goal.swift */; };
		0E5FF33429CD95A7003A52CD /* ObjectivesView.swift in Sources */ = {isa = PBXBuildFile; fileRef = 0E5FF33329CD95A7003A52CD /* ObjectivesView.swift */; };
		0E5FF33629CD95F2003A52CD /* Objective.swift in Sources */ = {isa = PBXBuildFile; fileRef = 0E5FF33529CD95F2003A52CD /* Objective.swift */; };
		0E5FF33829CD9633003A52CD /* BadgesView.swift in Sources */ = {isa = PBXBuildFile; fileRef = 0E5FF33729CD9633003A52CD /* BadgesView.swift */; };
		0E64C58C29CC85AE004E3FED /* MapLocation.swift in Sources */ = {isa = PBXBuildFile; fileRef = 0E64C58B29CC85AE004E3FED /* MapLocation.swift */; };
		0E64C58E29CC8870004E3FED /* Login.swift in Sources */ = {isa = PBXBuildFile; fileRef = 0E64C58D29CC8870004E3FED /* Login.swift */; };
		0E64C59029CC90E6004E3FED /* ProfileView.swift in Sources */ = {isa = PBXBuildFile; fileRef = 0E64C58F29CC90E6004E3FED /* ProfileView.swift */; };
		0EB8E6E629D17B6A00C7B82A /* HomeView.swift in Sources */ = {isa = PBXBuildFile; fileRef = 0EB8E6E529D17B6A00C7B82A /* HomeView.swift */; };
		0EB8E6E829D1879000C7B82A /* ActualityView.swift in Sources */ = {isa = PBXBuildFile; fileRef = 0EB8E6E729D1879000C7B82A /* ActualityView.swift */; };
		0EB8E6EA29D196D000C7B82A /* Post.swift in Sources */ = {isa = PBXBuildFile; fileRef = 0EB8E6E929D196D000C7B82A /* Post.swift */; };
		0EB8E6EC29D196F800C7B82A /* NetworkManager.swift in Sources */ = {isa = PBXBuildFile; fileRef = 0EB8E6EB29D196F800C7B82A /* NetworkManager.swift */; };
		0EB8E6EF29D1973900C7B82A /* ArticlesList.swift in Sources */ = {isa = PBXBuildFile; fileRef = 0EB8E6EE29D1973900C7B82A /* ArticlesList.swift */; };
		0EB8E6F129D1974C00C7B82A /* ArticleDetail.swift in Sources */ = {isa = PBXBuildFile; fileRef = 0EB8E6F029D1974C00C7B82A /* ArticleDetail.swift */; };
		0EB8E6F329D1977100C7B82A /* WebView.swift in Sources */ = {isa = PBXBuildFile; fileRef = 0EB8E6F229D1977100C7B82A /* WebView.swift */; };
/* End PBXBuildFile section */

/* Begin PBXFileReference section */
		0E5163DE29C9E8190042D2CA /* FindMyCoach.app */ = {isa = PBXFileReference; explicitFileType = wrapper.application; includeInIndex = 0; path = FindMyCoach.app; sourceTree = BUILT_PRODUCTS_DIR; };
		0E5163E129C9E8190042D2CA /* FindMyCoachApp.swift */ = {isa = PBXFileReference; lastKnownFileType = sourcecode.swift; path = FindMyCoachApp.swift; sourceTree = "<group>"; };
		0E5163E329C9E8190042D2CA /* Map.swift */ = {isa = PBXFileReference; lastKnownFileType = sourcecode.swift; path = Map.swift; sourceTree = "<group>"; };
		0E5163E529C9E81B0042D2CA /* Assets.xcassets */ = {isa = PBXFileReference; lastKnownFileType = folder.assetcatalog; path = Assets.xcassets; sourceTree = "<group>"; };
		0E5163E829C9E81B0042D2CA /* Preview Assets.xcassets */ = {isa = PBXFileReference; lastKnownFileType = folder.assetcatalog; path = "Preview Assets.xcassets"; sourceTree = "<group>"; };
		0E5163EF29C9EA8C0042D2CA /* User.swift */ = {isa = PBXFileReference; lastKnownFileType = sourcecode.swift; path = User.swift; sourceTree = "<group>"; };
		0E5163F229C9EB390042D2CA /* Coach.swift */ = {isa = PBXFileReference; lastKnownFileType = sourcecode.swift; path = Coach.swift; sourceTree = "<group>"; };
		0E5163F729CA03EC0042D2CA /* LocationView.swift */ = {isa = PBXFileReference; lastKnownFileType = sourcecode.swift; path = LocationView.swift; sourceTree = "<group>"; };
		0E51640029CAEF1C0042D2CA /* ListOfCoaches.swift */ = {isa = PBXFileReference; lastKnownFileType = sourcecode.swift; path = ListOfCoaches.swift; sourceTree = "<group>"; };
		0E51640229CAEF490042D2CA /* CoachProfile.swift */ = {isa = PBXFileReference; lastKnownFileType = sourcecode.swift; path = CoachProfile.swift; sourceTree = "<group>"; };
		0E51640429CAF3670042D2CA /* ChatView.swift */ = {isa = PBXFileReference; lastKnownFileType = sourcecode.swift; path = ChatView.swift; sourceTree = "<group>"; };
		0E51640629CAFDBF0042D2CA /* PaymentModal.swift */ = {isa = PBXFileReference; lastKnownFileType = sourcecode.swift; path = PaymentModal.swift; sourceTree = "<group>"; };
		0E51640C29CB2CCD0042D2CA /* EndSessionModal.swift */ = {isa = PBXFileReference; lastKnownFileType = sourcecode.swift; path = EndSessionModal.swift; sourceTree = "<group>"; };
		0E51640E29CB36700042D2CA /* VisioView.swift */ = {isa = PBXFileReference; lastKnownFileType = sourcecode.swift; path = VisioView.swift; sourceTree = "<group>"; };
		0E51641129CB46590042D2CA /* Program.swift */ = {isa = PBXFileReference; lastKnownFileType = sourcecode.swift; path = Program.swift; sourceTree = "<group>"; };
		0E51641329CB46AD0042D2CA /* ProgramView.swift */ = {isa = PBXFileReference; lastKnownFileType = sourcecode.swift; path = ProgramView.swift; sourceTree = "<group>"; };
		0E51641529CB47B30042D2CA /* ProgramDetail.swift */ = {isa = PBXFileReference; lastKnownFileType = sourcecode.swift; path = ProgramDetail.swift; sourceTree = "<group>"; };
		0E51641729CB53FF0042D2CA /* TabViewDemo.swift */ = {isa = PBXFileReference; lastKnownFileType = sourcecode.swift; path = TabViewDemo.swift; sourceTree = "<group>"; };
		0E51641929CB54A00042D2CA /* MessagesView.swift */ = {isa = PBXFileReference; lastKnownFileType = sourcecode.swift; path = MessagesView.swift; sourceTree = "<group>"; };
		0E5FF32329CC98B5003A52CD /* HealthKitViewModel.swift */ = {isa = PBXFileReference; lastKnownFileType = sourcecode.swift; path = HealthKitViewModel.swift; sourceTree = "<group>"; };
		0E5FF32529CC98D6003A52CD /* HealthKitManager.swift */ = {isa = PBXFileReference; lastKnownFileType = sourcecode.swift; path = HealthKitManager.swift; sourceTree = "<group>"; };
		0E5FF32729CC9902003A52CD /* HealthView.swift */ = {isa = PBXFileReference; lastKnownFileType = sourcecode.swift; path = HealthView.swift; sourceTree = "<group>"; };
		0E5FF32D29CD930D003A52CD /* FiveStarView.swift */ = {isa = PBXFileReference; lastKnownFileType = sourcecode.swift; path = FiveStarView.swift; sourceTree = "<group>"; };
		0E5FF32F29CD94EB003A52CD /* ProgressionView.swift */ = {isa = PBXFileReference; lastKnownFileType = sourcecode.swift; path = ProgressionView.swift; sourceTree = "<group>"; };
		0E5FF33129CD9509003A52CD /* Goal.swift */ = {isa = PBXFileReference; lastKnownFileType = sourcecode.swift; path = Goal.swift; sourceTree = "<group>"; };
		0E5FF33329CD95A7003A52CD /* ObjectivesView.swift */ = {isa = PBXFileReference; lastKnownFileType = sourcecode.swift; path = ObjectivesView.swift; sourceTree = "<group>"; };
		0E5FF33529CD95F2003A52CD /* Objective.swift */ = {isa = PBXFileReference; lastKnownFileType = sourcecode.swift; path = Objective.swift; sourceTree = "<group>"; };
		0E5FF33729CD9633003A52CD /* BadgesView.swift */ = {isa = PBXFileReference; lastKnownFileType = sourcecode.swift; path = BadgesView.swift; sourceTree = "<group>"; };
		0E64C58B29CC85AE004E3FED /* MapLocation.swift */ = {isa = PBXFileReference; lastKnownFileType = sourcecode.swift; path = MapLocation.swift; sourceTree = "<group>"; };
		0E64C58D29CC8870004E3FED /* Login.swift */ = {isa = PBXFileReference; lastKnownFileType = sourcecode.swift; path = Login.swift; sourceTree = "<group>"; };
		0E64C58F29CC90E6004E3FED /* ProfileView.swift */ = {isa = PBXFileReference; lastKnownFileType = sourcecode.swift; path = ProfileView.swift; sourceTree = "<group>"; };
		0E64C59129CC9193004E3FED /* FindMyCoach.entitlements */ = {isa = PBXFileReference; lastKnownFileType = text.plist.entitlements; path = FindMyCoach.entitlements; sourceTree = "<group>"; };
		0EB8E6E529D17B6A00C7B82A /* HomeView.swift */ = {isa = PBXFileReference; lastKnownFileType = sourcecode.swift; path = HomeView.swift; sourceTree = "<group>"; };
		0EB8E6E729D1879000C7B82A /* ActualityView.swift */ = {isa = PBXFileReference; lastKnownFileType = sourcecode.swift; path = ActualityView.swift; sourceTree = "<group>"; };
		0EB8E6E929D196D000C7B82A /* Post.swift */ = {isa = PBXFileReference; lastKnownFileType = sourcecode.swift; path = Post.swift; sourceTree = "<group>"; };
		0EB8E6EB29D196F800C7B82A /* NetworkManager.swift */ = {isa = PBXFileReference; lastKnownFileType = sourcecode.swift; path = NetworkManager.swift; sourceTree = "<group>"; };
		0EB8E6EE29D1973900C7B82A /* ArticlesList.swift */ = {isa = PBXFileReference; lastKnownFileType = sourcecode.swift; path = ArticlesList.swift; sourceTree = "<group>"; };
		0EB8E6F029D1974C00C7B82A /* ArticleDetail.swift */ = {isa = PBXFileReference; lastKnownFileType = sourcecode.swift; path = ArticleDetail.swift; sourceTree = "<group>"; };
		0EB8E6F229D1977100C7B82A /* WebView.swift */ = {isa = PBXFileReference; lastKnownFileType = sourcecode.swift; path = WebView.swift; sourceTree = "<group>"; };
/* End PBXFileReference section */

/* Begin PBXFrameworksBuildPhase section */
		0E5163DB29C9E8190042D2CA /* Frameworks */ = {
			isa = PBXFrameworksBuildPhase;
			buildActionMask = 2147483647;
			files = (
			);
			runOnlyForDeploymentPostprocessing = 0;
		};
/* End PBXFrameworksBuildPhase section */

/* Begin PBXGroup section */
		0E5163D529C9E8190042D2CA = {
			isa = PBXGroup;
			children = (
				0E5163E029C9E8190042D2CA /* FindMyCoach */,
				0E5163DF29C9E8190042D2CA /* Products */,
			);
			sourceTree = "<group>";
		};
		0E5163DF29C9E8190042D2CA /* Products */ = {
			isa = PBXGroup;
			children = (
				0E5163DE29C9E8190042D2CA /* FindMyCoach.app */,
			);
			name = Products;
			sourceTree = "<group>";
		};
		0E5163E029C9E8190042D2CA /* FindMyCoach */ = {
			isa = PBXGroup;
			children = (
				0EB8E6ED29D1970F00C7B82A /* API */,
				0E64C59129CC9193004E3FED /* FindMyCoach.entitlements */,
				0E5163E129C9E8190042D2CA /* FindMyCoachApp.swift */,
				0EB8E6E529D17B6A00C7B82A /* HomeView.swift */,
				0E5163F729CA03EC0042D2CA /* LocationView.swift */,
				0E51640029CAEF1C0042D2CA /* ListOfCoaches.swift */,
				0E51640429CAF3670042D2CA /* ChatView.swift */,
				0E51641929CB54A00042D2CA /* MessagesView.swift */,
				0E51641329CB46AD0042D2CA /* ProgramView.swift */,
				0E51641729CB53FF0042D2CA /* TabViewDemo.swift */,
				0E51641529CB47B30042D2CA /* ProgramDetail.swift */,
				0E64C58D29CC8870004E3FED /* Login.swift */,
				0E5FF32D29CD930D003A52CD /* FiveStarView.swift */,
				0E5FF32F29CD94EB003A52CD /* ProgressionView.swift */,
				0E5FF33329CD95A7003A52CD /* ObjectivesView.swift */,
				0EB8E6E729D1879000C7B82A /* ActualityView.swift */,
				0E5FF33729CD9633003A52CD /* BadgesView.swift */,
				0E5FF32229CC989C003A52CD /* Health */,
				0E64C58F29CC90E6004E3FED /* ProfileView.swift */,
				0E51641029CB43AA0042D2CA /* Modals */,
				0E51640229CAEF490042D2CA /* CoachProfile.swift */,
				0E51640E29CB36700042D2CA /* VisioView.swift */,
				0E5163F629CA03D90042D2CA /* Helpers */,
				0E5163E529C9E81B0042D2CA /* Assets.xcassets */,
				0E5163E729C9E81B0042D2CA /* Preview Content */,
				0E5163F129C9EB2B0042D2CA /* Model */,
			);
			path = FindMyCoach;
			sourceTree = "<group>";
		};
		0E5163E729C9E81B0042D2CA /* Preview Content */ = {
			isa = PBXGroup;
			children = (
				0E5163E829C9E81B0042D2CA /* Preview Assets.xcassets */,
			);
			path = "Preview Content";
			sourceTree = "<group>";
		};
		0E5163F129C9EB2B0042D2CA /* Model */ = {
			isa = PBXGroup;
			children = (
				0E5163EF29C9EA8C0042D2CA /* User.swift */,
				0E5163F229C9EB390042D2CA /* Coach.swift */,
				0E51641129CB46590042D2CA /* Program.swift */,
				0E64C58B29CC85AE004E3FED /* MapLocation.swift */,
				0E5FF33129CD9509003A52CD /* Goal.swift */,
				0E5FF33529CD95F2003A52CD /* Objective.swift */,
				0EB8E6E929D196D000C7B82A /* Post.swift */,
				0EB8E6EB29D196F800C7B82A /* NetworkManager.swift */,
			);
			path = Model;
			sourceTree = "<group>";
		};
		0E5163F629CA03D90042D2CA /* Helpers */ = {
			isa = PBXGroup;
			children = (
				0E5163E329C9E8190042D2CA /* Map.swift */,
			);
			path = Helpers;
			sourceTree = "<group>";
		};
		0E51641029CB43AA0042D2CA /* Modals */ = {
			isa = PBXGroup;
			children = (
				0E51640629CAFDBF0042D2CA /* PaymentModal.swift */,
				0E51640C29CB2CCD0042D2CA /* EndSessionModal.swift */,
			);
			path = Modals;
			sourceTree = "<group>";
		};
		0E5FF32229CC989C003A52CD /* Health */ = {
			isa = PBXGroup;
			children = (
				0E5FF32329CC98B5003A52CD /* HealthKitViewModel.swift */,
				0E5FF32729CC9902003A52CD /* HealthView.swift */,
				0E5FF32529CC98D6003A52CD /* HealthKitManager.swift */,
			);
			path = Health;
			sourceTree = "<group>";
		};
		0EB8E6ED29D1970F00C7B82A /* API */ = {
			isa = PBXGroup;
			children = (
				0EB8E6EE29D1973900C7B82A /* ArticlesList.swift */,
				0EB8E6F029D1974C00C7B82A /* ArticleDetail.swift */,
				0EB8E6F229D1977100C7B82A /* WebView.swift */,
			);
			path = API;
			sourceTree = "<group>";
		};
/* End PBXGroup section */

/* Begin PBXNativeTarget section */
		0E5163DD29C9E8190042D2CA /* FindMyCoach */ = {
			isa = PBXNativeTarget;
			buildConfigurationList = 0E5163EC29C9E81B0042D2CA /* Build configuration list for PBXNativeTarget "FindMyCoach" */;
			buildPhases = (
				0E5163DA29C9E8190042D2CA /* Sources */,
				0E5163DB29C9E8190042D2CA /* Frameworks */,
				0E5163DC29C9E8190042D2CA /* Resources */,
			);
			buildRules = (
			);
			dependencies = (
			);
			name = FindMyCoach;
			productName = FindMyCoach;
			productReference = 0E5163DE29C9E8190042D2CA /* FindMyCoach.app */;
			productType = "com.apple.product-type.application";
		};
/* End PBXNativeTarget section */

/* Begin PBXProject section */
		0E5163D629C9E8190042D2CA /* Project object */ = {
			isa = PBXProject;
			attributes = {
				BuildIndependentTargetsInParallel = 1;
				LastSwiftUpdateCheck = 1420;
				LastUpgradeCheck = 1420;
				TargetAttributes = {
					0E5163DD29C9E8190042D2CA = {
						CreatedOnToolsVersion = 14.2;
					};
				};
			};
			buildConfigurationList = 0E5163D929C9E8190042D2CA /* Build configuration list for PBXProject "FindMyCoach" */;
			compatibilityVersion = "Xcode 14.0";
			developmentRegion = en;
			hasScannedForEncodings = 0;
			knownRegions = (
				en,
				Base,
			);
			mainGroup = 0E5163D529C9E8190042D2CA;
			productRefGroup = 0E5163DF29C9E8190042D2CA /* Products */;
			projectDirPath = "";
			projectRoot = "";
			targets = (
				0E5163DD29C9E8190042D2CA /* FindMyCoach */,
			);
		};
/* End PBXProject section */

/* Begin PBXResourcesBuildPhase section */
		0E5163DC29C9E8190042D2CA /* Resources */ = {
			isa = PBXResourcesBuildPhase;
			buildActionMask = 2147483647;
			files = (
				0E5163E929C9E81B0042D2CA /* Preview Assets.xcassets in Resources */,
				0E5163E629C9E81B0042D2CA /* Assets.xcassets in Resources */,
			);
			runOnlyForDeploymentPostprocessing = 0;
		};
/* End PBXResourcesBuildPhase section */

/* Begin PBXSourcesBuildPhase section */
		0E5163DA29C9E8190042D2CA /* Sources */ = {
			isa = PBXSourcesBuildPhase;
			buildActionMask = 2147483647;
			files = (
				0E5FF33629CD95F2003A52CD /* Objective.swift in Sources */,
				0E51641A29CB54A00042D2CA /* MessagesView.swift in Sources */,
				0E51640F29CB36700042D2CA /* VisioView.swift in Sources */,
				0EB8E6E629D17B6A00C7B82A /* HomeView.swift in Sources */,
				0E51641629CB47B30042D2CA /* ProgramDetail.swift in Sources */,
				0E51641429CB46AD0042D2CA /* ProgramView.swift in Sources */,
				0E51640D29CB2CCD0042D2CA /* EndSessionModal.swift in Sources */,
				0E5FF32629CC98D6003A52CD /* HealthKitManager.swift in Sources */,
				0E5FF33029CD94EB003A52CD /* ProgressionView.swift in Sources */,
				0E5163F329C9EB390042D2CA /* Coach.swift in Sources */,
				0E51641829CB53FF0042D2CA /* TabViewDemo.swift in Sources */,
				0EB8E6EA29D196D000C7B82A /* Post.swift in Sources */,
				0E64C58C29CC85AE004E3FED /* MapLocation.swift in Sources */,
				0E5163E429C9E8190042D2CA /* Map.swift in Sources */,
				0EB8E6EC29D196F800C7B82A /* NetworkManager.swift in Sources */,
				0E5163F829CA03EC0042D2CA /* LocationView.swift in Sources */,
				0E5163E229C9E8190042D2CA /* FindMyCoachApp.swift in Sources */,
				0EB8E6F129D1974C00C7B82A /* ArticleDetail.swift in Sources */,
				0E51640529CAF3670042D2CA /* ChatView.swift in Sources */,
				0E5163F029C9EA8C0042D2CA /* User.swift in Sources */,
				0E5FF32429CC98B5003A52CD /* HealthKitViewModel.swift in Sources */,
				0E5FF33429CD95A7003A52CD /* ObjectivesView.swift in Sources */,
				0E51640329CAEF490042D2CA /* CoachProfile.swift in Sources */,
				0EB8E6E829D1879000C7B82A /* ActualityView.swift in Sources */,
				0EB8E6EF29D1973900C7B82A /* ArticlesList.swift in Sources */,
				0E5FF32E29CD930D003A52CD /* FiveStarView.swift in Sources */,
				0E5FF33229CD9509003A52CD /* Goal.swift in Sources */,
				0E5FF32829CC9902003A52CD /* HealthView.swift in Sources */,
				0E51641229CB46590042D2CA /* Program.swift in Sources */,
				0E64C58E29CC8870004E3FED /* Login.swift in Sources */,
				0E5FF33829CD9633003A52CD /* BadgesView.swift in Sources */,
				0E64C59029CC90E6004E3FED /* ProfileView.swift in Sources */,
				0EB8E6F329D1977100C7B82A /* WebView.swift in Sources */,
				0E51640129CAEF1C0042D2CA /* ListOfCoaches.swift in Sources */,
				0E51640729CAFDBF0042D2CA /* PaymentModal.swift in Sources */,
			);
			runOnlyForDeploymentPostprocessing = 0;
		};
/* End PBXSourcesBuildPhase section */

/* Begin XCBuildConfiguration section */
		0E5163EA29C9E81B0042D2CA /* Debug */ = {
			isa = XCBuildConfiguration;
			buildSettings = {
				ALWAYS_SEARCH_USER_PATHS = NO;
				CLANG_ANALYZER_NONNULL = YES;
				CLANG_ANALYZER_NUMBER_OBJECT_CONVERSION = YES_AGGRESSIVE;
				CLANG_CXX_LANGUAGE_STANDARD = "gnu++20";
				CLANG_ENABLE_MODULES = YES;
				CLANG_ENABLE_OBJC_ARC = YES;
				CLANG_ENABLE_OBJC_WEAK = YES;
				CLANG_WARN_BLOCK_CAPTURE_AUTORELEASING = YES;
				CLANG_WARN_BOOL_CONVERSION = YES;
				CLANG_WARN_COMMA = YES;
				CLANG_WARN_CONSTANT_CONVERSION = YES;
				CLANG_WARN_DEPRECATED_OBJC_IMPLEMENTATIONS = YES;
				CLANG_WARN_DIRECT_OBJC_ISA_USAGE = YES_ERROR;
				CLANG_WARN_DOCUMENTATION_COMMENTS = YES;
				CLANG_WARN_EMPTY_BODY = YES;
				CLANG_WARN_ENUM_CONVERSION = YES;
				CLANG_WARN_INFINITE_RECURSION = YES;
				CLANG_WARN_INT_CONVERSION = YES;
				CLANG_WARN_NON_LITERAL_NULL_CONVERSION = YES;
				CLANG_WARN_OBJC_IMPLICIT_RETAIN_SELF = YES;
				CLANG_WARN_OBJC_LITERAL_CONVERSION = YES;
				CLANG_WARN_OBJC_ROOT_CLASS = YES_ERROR;
				CLANG_WARN_QUOTED_INCLUDE_IN_FRAMEWORK_HEADER = YES;
				CLANG_WARN_RANGE_LOOP_ANALYSIS = YES;
				CLANG_WARN_STRICT_PROTOTYPES = YES;
				CLANG_WARN_SUSPICIOUS_MOVE = YES;
				CLANG_WARN_UNGUARDED_AVAILABILITY = YES_AGGRESSIVE;
				CLANG_WARN_UNREACHABLE_CODE = YES;
				CLANG_WARN__DUPLICATE_METHOD_MATCH = YES;
				COPY_PHASE_STRIP = NO;
				DEBUG_INFORMATION_FORMAT = dwarf;
				ENABLE_STRICT_OBJC_MSGSEND = YES;
				ENABLE_TESTABILITY = YES;
				GCC_C_LANGUAGE_STANDARD = gnu11;
				GCC_DYNAMIC_NO_PIC = NO;
				GCC_NO_COMMON_BLOCKS = YES;
				GCC_OPTIMIZATION_LEVEL = 0;
				GCC_PREPROCESSOR_DEFINITIONS = (
					"DEBUG=1",
					"$(inherited)",
				);
				GCC_WARN_64_TO_32_BIT_CONVERSION = YES;
				GCC_WARN_ABOUT_RETURN_TYPE = YES_ERROR;
				GCC_WARN_UNDECLARED_SELECTOR = YES;
				GCC_WARN_UNINITIALIZED_AUTOS = YES_AGGRESSIVE;
				GCC_WARN_UNUSED_FUNCTION = YES;
				GCC_WARN_UNUSED_VARIABLE = YES;
				IPHONEOS_DEPLOYMENT_TARGET = 16.2;
				MTL_ENABLE_DEBUG_INFO = INCLUDE_SOURCE;
				MTL_FAST_MATH = YES;
				ONLY_ACTIVE_ARCH = YES;
				SDKROOT = iphoneos;
				SWIFT_ACTIVE_COMPILATION_CONDITIONS = DEBUG;
				SWIFT_OPTIMIZATION_LEVEL = "-Onone";
			};
			name = Debug;
		};
		0E5163EB29C9E81B0042D2CA /* Release */ = {
			isa = XCBuildConfiguration;
			buildSettings = {
				ALWAYS_SEARCH_USER_PATHS = NO;
				CLANG_ANALYZER_NONNULL = YES;
				CLANG_ANALYZER_NUMBER_OBJECT_CONVERSION = YES_AGGRESSIVE;
				CLANG_CXX_LANGUAGE_STANDARD = "gnu++20";
				CLANG_ENABLE_MODULES = YES;
				CLANG_ENABLE_OBJC_ARC = YES;
				CLANG_ENABLE_OBJC_WEAK = YES;
				CLANG_WARN_BLOCK_CAPTURE_AUTORELEASING = YES;
				CLANG_WARN_BOOL_CONVERSION = YES;
				CLANG_WARN_COMMA = YES;
				CLANG_WARN_CONSTANT_CONVERSION = YES;
				CLANG_WARN_DEPRECATED_OBJC_IMPLEMENTATIONS = YES;
				CLANG_WARN_DIRECT_OBJC_ISA_USAGE = YES_ERROR;
				CLANG_WARN_DOCUMENTATION_COMMENTS = YES;
				CLANG_WARN_EMPTY_BODY = YES;
				CLANG_WARN_ENUM_CONVERSION = YES;
				CLANG_WARN_INFINITE_RECURSION = YES;
				CLANG_WARN_INT_CONVERSION = YES;
				CLANG_WARN_NON_LITERAL_NULL_CONVERSION = YES;
				CLANG_WARN_OBJC_IMPLICIT_RETAIN_SELF = YES;
				CLANG_WARN_OBJC_LITERAL_CONVERSION = YES;
				CLANG_WARN_OBJC_ROOT_CLASS = YES_ERROR;
				CLANG_WARN_QUOTED_INCLUDE_IN_FRAMEWORK_HEADER = YES;
				CLANG_WARN_RANGE_LOOP_ANALYSIS = YES;
				CLANG_WARN_STRICT_PROTOTYPES = YES;
				CLANG_WARN_SUSPICIOUS_MOVE = YES;
				CLANG_WARN_UNGUARDED_AVAILABILITY = YES_AGGRESSIVE;
				CLANG_WARN_UNREACHABLE_CODE = YES;
				CLANG_WARN__DUPLICATE_METHOD_MATCH = YES;
				COPY_PHASE_STRIP = NO;
				DEBUG_INFORMATION_FORMAT = "dwarf-with-dsym";
				ENABLE_NS_ASSERTIONS = NO;
				ENABLE_STRICT_OBJC_MSGSEND = YES;
				GCC_C_LANGUAGE_STANDARD = gnu11;
				GCC_NO_COMMON_BLOCKS = YES;
				GCC_WARN_64_TO_32_BIT_CONVERSION = YES;
				GCC_WARN_ABOUT_RETURN_TYPE = YES_ERROR;
				GCC_WARN_UNDECLARED_SELECTOR = YES;
				GCC_WARN_UNINITIALIZED_AUTOS = YES_AGGRESSIVE;
				GCC_WARN_UNUSED_FUNCTION = YES;
				GCC_WARN_UNUSED_VARIABLE = YES;
				IPHONEOS_DEPLOYMENT_TARGET = 16.2;
				MTL_ENABLE_DEBUG_INFO = NO;
				MTL_FAST_MATH = YES;
				SDKROOT = iphoneos;
				SWIFT_COMPILATION_MODE = wholemodule;
				SWIFT_OPTIMIZATION_LEVEL = "-O";
				VALIDATE_PRODUCT = YES;
			};
			name = Release;
		};
		0E5163ED29C9E81B0042D2CA /* Debug */ = {
			isa = XCBuildConfiguration;
			buildSettings = {
				ASSETCATALOG_COMPILER_APPICON_NAME = AppIcon;
				ASSETCATALOG_COMPILER_GLOBAL_ACCENT_COLOR_NAME = AccentColor;
				CODE_SIGN_ENTITLEMENTS = FindMyCoach/FindMyCoach.entitlements;
				CODE_SIGN_STYLE = Automatic;
				CURRENT_PROJECT_VERSION = 1;
				DEVELOPMENT_ASSET_PATHS = "\"FindMyCoach/Preview Content\"";
				DEVELOPMENT_TEAM = 3686QWT3X6;
				ENABLE_PREVIEWS = YES;
				GENERATE_INFOPLIST_FILE = YES;
				INFOPLIST_FILE = FindMyCoach/Info.plist;
				INFOPLIST_KEY_NSHealthShareUsageDescription = "Allow this app to acces your Health data.";
				INFOPLIST_KEY_NSHealthUpdateUsageDescription = "Allow this app towrite Health data.";
				INFOPLIST_KEY_UIApplicationSceneManifest_Generation = YES;
				INFOPLIST_KEY_UIApplicationSupportsIndirectInputEvents = YES;
				INFOPLIST_KEY_UILaunchScreen_Generation = YES;
				INFOPLIST_KEY_UISupportedInterfaceOrientations_iPad = "UIInterfaceOrientationPortrait UIInterfaceOrientationPortraitUpsideDown UIInterfaceOrientationLandscapeLeft UIInterfaceOrientationLandscapeRight";
				INFOPLIST_KEY_UISupportedInterfaceOrientations_iPhone = "UIInterfaceOrientationPortrait UIInterfaceOrientationLandscapeLeft UIInterfaceOrientationLandscapeRight";
				LD_RUNPATH_SEARCH_PATHS = (
					"$(inherited)",
					"@executable_path/Frameworks",
				);
				MARKETING_VERSION = 1.0;
				PRODUCT_BUNDLE_IDENTIFIER = com.beladjio.FindMyCoach;
				PRODUCT_NAME = "$(TARGET_NAME)";
				SWIFT_EMIT_LOC_STRINGS = YES;
				SWIFT_VERSION = 5.0;
				TARGETED_DEVICE_FAMILY = "1,2";
			};
			name = Debug;
		};
		0E5163EE29C9E81B0042D2CA /* Release */ = {
			isa = XCBuildConfiguration;
			buildSettings = {
				ASSETCATALOG_COMPILER_APPICON_NAME = AppIcon;
				ASSETCATALOG_COMPILER_GLOBAL_ACCENT_COLOR_NAME = AccentColor;
				CODE_SIGN_ENTITLEMENTS = FindMyCoach/FindMyCoach.entitlements;
				CODE_SIGN_STYLE = Automatic;
				CURRENT_PROJECT_VERSION = 1;
				DEVELOPMENT_ASSET_PATHS = "\"FindMyCoach/Preview Content\"";
				DEVELOPMENT_TEAM = 3686QWT3X6;
				ENABLE_PREVIEWS = YES;
				GENERATE_INFOPLIST_FILE = YES;
				INFOPLIST_FILE = FindMyCoach/Info.plist;
				INFOPLIST_KEY_NSHealthShareUsageDescription = "Allow this app to acces your Health data.";
				INFOPLIST_KEY_NSHealthUpdateUsageDescription = "Allow this app towrite Health data.";
				INFOPLIST_KEY_UIApplicationSceneManifest_Generation = YES;
				INFOPLIST_KEY_UIApplicationSupportsIndirectInputEvents = YES;
				INFOPLIST_KEY_UILaunchScreen_Generation = YES;
				INFOPLIST_KEY_UISupportedInterfaceOrientations_iPad = "UIInterfaceOrientationPortrait UIInterfaceOrientationPortraitUpsideDown UIInterfaceOrientationLandscapeLeft UIInterfaceOrientationLandscapeRight";
				INFOPLIST_KEY_UISupportedInterfaceOrientations_iPhone = "UIInterfaceOrientationPortrait UIInterfaceOrientationLandscapeLeft UIInterfaceOrientationLandscapeRight";
				LD_RUNPATH_SEARCH_PATHS = (
					"$(inherited)",
					"@executable_path/Frameworks",
				);
				MARKETING_VERSION = 1.0;
				PRODUCT_BUNDLE_IDENTIFIER = com.beladjio.FindMyCoach;
				PRODUCT_NAME = "$(TARGET_NAME)";
				SWIFT_EMIT_LOC_STRINGS = YES;
				SWIFT_VERSION = 5.0;
				TARGETED_DEVICE_FAMILY = "1,2";
			};
			name = Release;
		};
/* End XCBuildConfiguration section */

/* Begin XCConfigurationList section */
		0E5163D929C9E8190042D2CA /* Build configuration list for PBXProject "FindMyCoach" */ = {
			isa = XCConfigurationList;
			buildConfigurations = (
				0E5163EA29C9E81B0042D2CA /* Debug */,
				0E5163EB29C9E81B0042D2CA /* Release */,
			);
			defaultConfigurationIsVisible = 0;
			defaultConfigurationName = Release;
		};
		0E5163EC29C9E81B0042D2CA /* Build configuration list for PBXNativeTarget "FindMyCoach" */ = {
			isa = XCConfigurationList;
			buildConfigurations = (
				0E5163ED29C9E81B0042D2CA /* Debug */,
				0E5163EE29C9E81B0042D2CA /* Release */,
			);
			defaultConfigurationIsVisible = 0;
			defaultConfigurationName = Release;
		};
/* End XCConfigurationList section */
	};
	rootObject = 0E5163D629C9E8190042D2CA /* Project object */;
}
